
Microsoft Visual Studio Solution File, Format Version 12.00
# Visual Studio Version 17
VisualStudioVersion = 17.0.31903.59
MinimumVisualStudioVersion = 10.0.40219.1
Project("{FAE04EC0-301F-11D3-BF4B-00C04F79EFBC}") = "ConsoleApp1", "ConsoleApp1\ConsoleApp1.csproj", "{4D556448-AE96-4EB2-9DD5-6B4EBD53D4B1}"
EndProject
Project("{FAE04EC0-301F-11D3-BF4B-00C04F79EFBC}") = "statements", "statements\statements.csproj", "{25AC1AE5-D3DD-4C89-B919-3652A25B65BD}"
EndProject
Project("{FAE04EC0-301F-11D3-BF4B-00C04F79EFBC}") = "Basic OOP", "Basic OOP\Basic OOP.csproj", "{FC412B2C-C498-4ACA-AB45-5A1CC82AA71A}"
EndProject
Project("{FAE04EC0-301F-11D3-BF4B-00C04F79EFBC}") = "BasicOOP", "BasicOOP\BasicOOP.csproj", "{27FB5FAC-83CB-47AF-B35A-D44913E32751}"
EndProject
Project("{FAE04EC0-301F-11D3-BF4B-00C04F79EFBC}") = "Functions", "Functions\Functions.csproj", "{18695AB6-135F-4052-8602-34267B53480D}"
EndProject
Project("{FAE04EC0-301F-11D3-BF4B-00C04F79EFBC}") = "Classes", "Classes\Classes.csproj", "{8D3B2F74-9A6F-4A31-A719-A7D4725124A0}"
EndProject
Project("{FAE04EC0-301F-11D3-BF4B-00C04F79EFBC}") = "Day 3", "Day 3\Day 3.csproj", "{AE169756-9D43-4479-B1F5-16CE8F2850FE}"
EndProject
Project("{FAE04EC0-301F-11D3-BF4B-00C04F79EFBC}") = "Day3", "Day3\Day3.csproj", "{7CBBEC78-B61F-453E-BE2A-C9D7A7D23E00}"
EndProject
Project("{FAE04EC0-301F-11D3-BF4B-00C04F79EFBC}") = "Day4", "Day4\Day4.csproj", "{B890B4B5-922D-4701-B69D-4AB8DE3AAA96}"
EndProject
Project("{FAE04EC0-301F-11D3-BF4B-00C04F79EFBC}") = "Day5", "Day5\Day5.csproj", "{45BE1D31-B9EB-4227-9FF6-839E7FA31FD7}"
EndProject
Project("{FAE04EC0-301F-11D3-BF4B-00C04F79EFBC}") = "WebApp", "WebApp\WebApp.csproj", "{7C5D5B17-A4B4-4BC6-A1F4-E54FCD405C0D}"
EndProject
Project("{FAE04EC0-301F-11D3-BF4B-00C04F79EFBC}") = "Day6", "Day6\Day6.csproj", "{30F0AD45-AF06-4390-823C-CD207F2EDEEE}"
EndProject
Project("{FAE04EC0-301F-11D3-BF4B-00C04F79EFBC}") = "LogicExerice", "LogicExerice\LogicExerice.csproj", "{1C7CFFC9-AAD2-4CD1-A787-001F528E4E1C}"
EndProject
Project("{FAE04EC0-301F-11D3-BF4B-00C04F79EFBC}") = "Assigments", "Assigments\Assigments.csproj", "{2E9743A7-B0C1-4DE7-B54F-2D46B703029F}"
EndProject
Project("{FAE04EC0-301F-11D3-BF4B-00C04F79EFBC}") = "Day7", "Day7\Day7.csproj", "{D9926678-E727-4D2F-98BC-6B3D6D40D9BE}"
EndProject
Project("{FAE04EC0-301F-11D3-BF4B-00C04F79EFBC}") = "Day8", "Day8\Day8.csproj", "{78CCBEFB-3199-42A5-91E9-D57584C100E3}"
EndProject
Project("{FAE04EC0-301F-11D3-BF4B-00C04F79EFBC}") = "GameProject", "GameProject\GameProject.csproj", "{C9A9BB03-FD10-44CA-9E39-3D751D7357ED}"
EndProject
Project("{FAE04EC0-301F-11D3-BF4B-00C04F79EFBC}") = "FinalGameProject", "FinalGameProject\FinalGameProject.csproj", "{813F26CF-AFC9-4022-B372-88041F7C0FC1}"
EndProject
Project("{FAE04EC0-301F-11D3-BF4B-00C04F79EFBC}") = "Threading", "Threading\Threading.csproj", "{113EFD78-E27B-478D-AEB8-97EFB3D4C34F}"
EndProject
Project("{FAE04EC0-301F-11D3-BF4B-00C04F79EFBC}") = "Testing", "Testing\Testing.csproj", "{A023A3B1-0831-4C8C-BFA6-1548FE5163DE}"
EndProject
Project("{FAE04EC0-301F-11D3-BF4B-00C04F79EFBC}") = "ef", "ef\ef.csproj", "{7C0C6A94-FE43-4DDA-9C6E-818A29FF49EF}"
EndProject
Global
	GlobalSection(SolutionConfigurationPlatforms) = preSolution
		Debug|Any CPU = Debug|Any CPU
		Debug|x64 = Debug|x64
		Debug|x86 = Debug|x86
		Release|Any CPU = Release|Any CPU
		Release|x64 = Release|x64
		Release|x86 = Release|x86
	EndGlobalSection
	GlobalSection(ProjectConfigurationPlatforms) = postSolution
		{4D556448-AE96-4EB2-9DD5-6B4EBD53D4B1}.Debug|Any CPU.ActiveCfg = Debug|Any CPU
		{4D556448-AE96-4EB2-9DD5-6B4EBD53D4B1}.Debug|Any CPU.Build.0 = Debug|Any CPU
		{4D556448-AE96-4EB2-9DD5-6B4EBD53D4B1}.Debug|x64.ActiveCfg = Debug|Any CPU
		{4D556448-AE96-4EB2-9DD5-6B4EBD53D4B1}.Debug|x64.Build.0 = Debug|Any CPU
		{4D556448-AE96-4EB2-9DD5-6B4EBD53D4B1}.Debug|x86.ActiveCfg = Debug|Any CPU
		{4D556448-AE96-4EB2-9DD5-6B4EBD53D4B1}.Debug|x86.Build.0 = Debug|Any CPU
		{4D556448-AE96-4EB2-9DD5-6B4EBD53D4B1}.Release|Any CPU.ActiveCfg = Release|Any CPU
		{4D556448-AE96-4EB2-9DD5-6B4EBD53D4B1}.Release|Any CPU.Build.0 = Release|Any CPU
		{4D556448-AE96-4EB2-9DD5-6B4EBD53D4B1}.Release|x64.ActiveCfg = Release|Any CPU
		{4D556448-AE96-4EB2-9DD5-6B4EBD53D4B1}.Release|x64.Build.0 = Release|Any CPU
		{4D556448-AE96-4EB2-9DD5-6B4EBD53D4B1}.Release|x86.ActiveCfg = Release|Any CPU
		{4D556448-AE96-4EB2-9DD5-6B4EBD53D4B1}.Release|x86.Build.0 = Release|Any CPU
		{25AC1AE5-D3DD-4C89-B919-3652A25B65BD}.Debug|Any CPU.ActiveCfg = Debug|Any CPU
		{25AC1AE5-D3DD-4C89-B919-3652A25B65BD}.Debug|Any CPU.Build.0 = Debug|Any CPU
		{25AC1AE5-D3DD-4C89-B919-3652A25B65BD}.Debug|x64.ActiveCfg = Debug|Any CPU
		{25AC1AE5-D3DD-4C89-B919-3652A25B65BD}.Debug|x64.Build.0 = Debug|Any CPU
		{25AC1AE5-D3DD-4C89-B919-3652A25B65BD}.Debug|x86.ActiveCfg = Debug|Any CPU
		{25AC1AE5-D3DD-4C89-B919-3652A25B65BD}.Debug|x86.Build.0 = Debug|Any CPU
		{25AC1AE5-D3DD-4C89-B919-3652A25B65BD}.Release|Any CPU.ActiveCfg = Release|Any CPU
		{25AC1AE5-D3DD-4C89-B919-3652A25B65BD}.Release|Any CPU.Build.0 = Release|Any CPU
		{25AC1AE5-D3DD-4C89-B919-3652A25B65BD}.Release|x64.ActiveCfg = Release|Any CPU
		{25AC1AE5-D3DD-4C89-B919-3652A25B65BD}.Release|x64.Build.0 = Release|Any CPU
		{25AC1AE5-D3DD-4C89-B919-3652A25B65BD}.Release|x86.ActiveCfg = Release|Any CPU
		{25AC1AE5-D3DD-4C89-B919-3652A25B65BD}.Release|x86.Build.0 = Release|Any CPU
		{FC412B2C-C498-4ACA-AB45-5A1CC82AA71A}.Debug|Any CPU.ActiveCfg = Debug|Any CPU
		{FC412B2C-C498-4ACA-AB45-5A1CC82AA71A}.Debug|Any CPU.Build.0 = Debug|Any CPU
		{FC412B2C-C498-4ACA-AB45-5A1CC82AA71A}.Debug|x64.ActiveCfg = Debug|Any CPU
		{FC412B2C-C498-4ACA-AB45-5A1CC82AA71A}.Debug|x64.Build.0 = Debug|Any CPU
		{FC412B2C-C498-4ACA-AB45-5A1CC82AA71A}.Debug|x86.ActiveCfg = Debug|Any CPU
		{FC412B2C-C498-4ACA-AB45-5A1CC82AA71A}.Debug|x86.Build.0 = Debug|Any CPU
		{FC412B2C-C498-4ACA-AB45-5A1CC82AA71A}.Release|Any CPU.ActiveCfg = Release|Any CPU
		{FC412B2C-C498-4ACA-AB45-5A1CC82AA71A}.Release|Any CPU.Build.0 = Release|Any CPU
		{FC412B2C-C498-4ACA-AB45-5A1CC82AA71A}.Release|x64.ActiveCfg = Release|Any CPU
		{FC412B2C-C498-4ACA-AB45-5A1CC82AA71A}.Release|x64.Build.0 = Release|Any CPU
		{FC412B2C-C498-4ACA-AB45-5A1CC82AA71A}.Release|x86.ActiveCfg = Release|Any CPU
		{FC412B2C-C498-4ACA-AB45-5A1CC82AA71A}.Release|x86.Build.0 = Release|Any CPU
		{27FB5FAC-83CB-47AF-B35A-D44913E32751}.Debug|Any CPU.ActiveCfg = Debug|Any CPU
		{27FB5FAC-83CB-47AF-B35A-D44913E32751}.Debug|Any CPU.Build.0 = Debug|Any CPU
		{27FB5FAC-83CB-47AF-B35A-D44913E32751}.Debug|x64.ActiveCfg = Debug|Any CPU
		{27FB5FAC-83CB-47AF-B35A-D44913E32751}.Debug|x64.Build.0 = Debug|Any CPU
		{27FB5FAC-83CB-47AF-B35A-D44913E32751}.Debug|x86.ActiveCfg = Debug|Any CPU
		{27FB5FAC-83CB-47AF-B35A-D44913E32751}.Debug|x86.Build.0 = Debug|Any CPU
		{27FB5FAC-83CB-47AF-B35A-D44913E32751}.Release|Any CPU.ActiveCfg = Release|Any CPU
		{27FB5FAC-83CB-47AF-B35A-D44913E32751}.Release|Any CPU.Build.0 = Release|Any CPU
		{27FB5FAC-83CB-47AF-B35A-D44913E32751}.Release|x64.ActiveCfg = Release|Any CPU
		{27FB5FAC-83CB-47AF-B35A-D44913E32751}.Release|x64.Build.0 = Release|Any CPU
		{27FB5FAC-83CB-47AF-B35A-D44913E32751}.Release|x86.ActiveCfg = Release|Any CPU
		{27FB5FAC-83CB-47AF-B35A-D44913E32751}.Release|x86.Build.0 = Release|Any CPU
		{18695AB6-135F-4052-8602-34267B53480D}.Debug|Any CPU.ActiveCfg = Debug|Any CPU
		{18695AB6-135F-4052-8602-34267B53480D}.Debug|Any CPU.Build.0 = Debug|Any CPU
		{18695AB6-135F-4052-8602-34267B53480D}.Debug|x64.ActiveCfg = Debug|Any CPU
		{18695AB6-135F-4052-8602-34267B53480D}.Debug|x64.Build.0 = Debug|Any CPU
		{18695AB6-135F-4052-8602-34267B53480D}.Debug|x86.ActiveCfg = Debug|Any CPU
		{18695AB6-135F-4052-8602-34267B53480D}.Debug|x86.Build.0 = Debug|Any CPU
		{18695AB6-135F-4052-8602-34267B53480D}.Release|Any CPU.ActiveCfg = Release|Any CPU
		{18695AB6-135F-4052-8602-34267B53480D}.Release|Any CPU.Build.0 = Release|Any CPU
		{18695AB6-135F-4052-8602-34267B53480D}.Release|x64.ActiveCfg = Release|Any CPU
		{18695AB6-135F-4052-8602-34267B53480D}.Release|x64.Build.0 = Release|Any CPU
		{18695AB6-135F-4052-8602-34267B53480D}.Release|x86.ActiveCfg = Release|Any CPU
		{18695AB6-135F-4052-8602-34267B53480D}.Release|x86.Build.0 = Release|Any CPU
		{8D3B2F74-9A6F-4A31-A719-A7D4725124A0}.Debug|Any CPU.ActiveCfg = Debug|Any CPU
		{8D3B2F74-9A6F-4A31-A719-A7D4725124A0}.Debug|Any CPU.Build.0 = Debug|Any CPU
		{8D3B2F74-9A6F-4A31-A719-A7D4725124A0}.Debug|x64.ActiveCfg = Debug|Any CPU
		{8D3B2F74-9A6F-4A31-A719-A7D4725124A0}.Debug|x64.Build.0 = Debug|Any CPU
		{8D3B2F74-9A6F-4A31-A719-A7D4725124A0}.Debug|x86.ActiveCfg = Debug|Any CPU
		{8D3B2F74-9A6F-4A31-A719-A7D4725124A0}.Debug|x86.Build.0 = Debug|Any CPU
		{8D3B2F74-9A6F-4A31-A719-A7D4725124A0}.Release|Any CPU.ActiveCfg = Release|Any CPU
		{8D3B2F74-9A6F-4A31-A719-A7D4725124A0}.Release|Any CPU.Build.0 = Release|Any CPU
		{8D3B2F74-9A6F-4A31-A719-A7D4725124A0}.Release|x64.ActiveCfg = Release|Any CPU
		{8D3B2F74-9A6F-4A31-A719-A7D4725124A0}.Release|x64.Build.0 = Release|Any CPU
		{8D3B2F74-9A6F-4A31-A719-A7D4725124A0}.Release|x86.ActiveCfg = Release|Any CPU
		{8D3B2F74-9A6F-4A31-A719-A7D4725124A0}.Release|x86.Build.0 = Release|Any CPU
		{AE169756-9D43-4479-B1F5-16CE8F2850FE}.Debug|Any CPU.ActiveCfg = Debug|Any CPU
		{AE169756-9D43-4479-B1F5-16CE8F2850FE}.Debug|Any CPU.Build.0 = Debug|Any CPU
		{AE169756-9D43-4479-B1F5-16CE8F2850FE}.Debug|x64.ActiveCfg = Debug|Any CPU
		{AE169756-9D43-4479-B1F5-16CE8F2850FE}.Debug|x64.Build.0 = Debug|Any CPU
		{AE169756-9D43-4479-B1F5-16CE8F2850FE}.Debug|x86.ActiveCfg = Debug|Any CPU
		{AE169756-9D43-4479-B1F5-16CE8F2850FE}.Debug|x86.Build.0 = Debug|Any CPU
		{AE169756-9D43-4479-B1F5-16CE8F2850FE}.Release|Any CPU.ActiveCfg = Release|Any CPU
		{AE169756-9D43-4479-B1F5-16CE8F2850FE}.Release|Any CPU.Build.0 = Release|Any CPU
		{AE169756-9D43-4479-B1F5-16CE8F2850FE}.Release|x64.ActiveCfg = Release|Any CPU
		{AE169756-9D43-4479-B1F5-16CE8F2850FE}.Release|x64.Build.0 = Release|Any CPU
		{AE169756-9D43-4479-B1F5-16CE8F2850FE}.Release|x86.ActiveCfg = Release|Any CPU
		{AE169756-9D43-4479-B1F5-16CE8F2850FE}.Release|x86.Build.0 = Release|Any CPU
		{7CBBEC78-B61F-453E-BE2A-C9D7A7D23E00}.Debug|Any CPU.ActiveCfg = Debug|Any CPU
		{7CBBEC78-B61F-453E-BE2A-C9D7A7D23E00}.Debug|Any CPU.Build.0 = Debug|Any CPU
		{7CBBEC78-B61F-453E-BE2A-C9D7A7D23E00}.Debug|x64.ActiveCfg = Debug|Any CPU
		{7CBBEC78-B61F-453E-BE2A-C9D7A7D23E00}.Debug|x64.Build.0 = Debug|Any CPU
		{7CBBEC78-B61F-453E-BE2A-C9D7A7D23E00}.Debug|x86.ActiveCfg = Debug|Any CPU
		{7CBBEC78-B61F-453E-BE2A-C9D7A7D23E00}.Debug|x86.Build.0 = Debug|Any CPU
		{7CBBEC78-B61F-453E-BE2A-C9D7A7D23E00}.Release|Any CPU.ActiveCfg = Release|Any CPU
		{7CBBEC78-B61F-453E-BE2A-C9D7A7D23E00}.Release|Any CPU.Build.0 = Release|Any CPU
		{7CBBEC78-B61F-453E-BE2A-C9D7A7D23E00}.Release|x64.ActiveCfg = Release|Any CPU
		{7CBBEC78-B61F-453E-BE2A-C9D7A7D23E00}.Release|x64.Build.0 = Release|Any CPU
		{7CBBEC78-B61F-453E-BE2A-C9D7A7D23E00}.Release|x86.ActiveCfg = Release|Any CPU
		{7CBBEC78-B61F-453E-BE2A-C9D7A7D23E00}.Release|x86.Build.0 = Release|Any CPU
		{B890B4B5-922D-4701-B69D-4AB8DE3AAA96}.Debug|Any CPU.ActiveCfg = Debug|Any CPU
		{B890B4B5-922D-4701-B69D-4AB8DE3AAA96}.Debug|Any CPU.Build.0 = Debug|Any CPU
		{B890B4B5-922D-4701-B69D-4AB8DE3AAA96}.Debug|x64.ActiveCfg = Debug|Any CPU
		{B890B4B5-922D-4701-B69D-4AB8DE3AAA96}.Debug|x64.Build.0 = Debug|Any CPU
		{B890B4B5-922D-4701-B69D-4AB8DE3AAA96}.Debug|x86.ActiveCfg = Debug|Any CPU
		{B890B4B5-922D-4701-B69D-4AB8DE3AAA96}.Debug|x86.Build.0 = Debug|Any CPU
		{B890B4B5-922D-4701-B69D-4AB8DE3AAA96}.Release|Any CPU.ActiveCfg = Release|Any CPU
		{B890B4B5-922D-4701-B69D-4AB8DE3AAA96}.Release|Any CPU.Build.0 = Release|Any CPU
		{B890B4B5-922D-4701-B69D-4AB8DE3AAA96}.Release|x64.ActiveCfg = Release|Any CPU
		{B890B4B5-922D-4701-B69D-4AB8DE3AAA96}.Release|x64.Build.0 = Release|Any CPU
		{B890B4B5-922D-4701-B69D-4AB8DE3AAA96}.Release|x86.ActiveCfg = Release|Any CPU
		{B890B4B5-922D-4701-B69D-4AB8DE3AAA96}.Release|x86.Build.0 = Release|Any CPU
		{45BE1D31-B9EB-4227-9FF6-839E7FA31FD7}.Debug|Any CPU.ActiveCfg = Debug|Any CPU
		{45BE1D31-B9EB-4227-9FF6-839E7FA31FD7}.Debug|Any CPU.Build.0 = Debug|Any CPU
		{45BE1D31-B9EB-4227-9FF6-839E7FA31FD7}.Debug|x64.ActiveCfg = Debug|Any CPU
		{45BE1D31-B9EB-4227-9FF6-839E7FA31FD7}.Debug|x64.Build.0 = Debug|Any CPU
		{45BE1D31-B9EB-4227-9FF6-839E7FA31FD7}.Debug|x86.ActiveCfg = Debug|Any CPU
		{45BE1D31-B9EB-4227-9FF6-839E7FA31FD7}.Debug|x86.Build.0 = Debug|Any CPU
		{45BE1D31-B9EB-4227-9FF6-839E7FA31FD7}.Release|Any CPU.ActiveCfg = Release|Any CPU
		{45BE1D31-B9EB-4227-9FF6-839E7FA31FD7}.Release|Any CPU.Build.0 = Release|Any CPU
		{45BE1D31-B9EB-4227-9FF6-839E7FA31FD7}.Release|x64.ActiveCfg = Release|Any CPU
		{45BE1D31-B9EB-4227-9FF6-839E7FA31FD7}.Release|x64.Build.0 = Release|Any CPU
		{45BE1D31-B9EB-4227-9FF6-839E7FA31FD7}.Release|x86.ActiveCfg = Release|Any CPU
		{45BE1D31-B9EB-4227-9FF6-839E7FA31FD7}.Release|x86.Build.0 = Release|Any CPU
		{7C5D5B17-A4B4-4BC6-A1F4-E54FCD405C0D}.Debug|Any CPU.ActiveCfg = Debug|Any CPU
		{7C5D5B17-A4B4-4BC6-A1F4-E54FCD405C0D}.Debug|Any CPU.Build.0 = Debug|Any CPU
		{7C5D5B17-A4B4-4BC6-A1F4-E54FCD405C0D}.Debug|x64.ActiveCfg = Debug|Any CPU
		{7C5D5B17-A4B4-4BC6-A1F4-E54FCD405C0D}.Debug|x64.Build.0 = Debug|Any CPU
		{7C5D5B17-A4B4-4BC6-A1F4-E54FCD405C0D}.Debug|x86.ActiveCfg = Debug|Any CPU
		{7C5D5B17-A4B4-4BC6-A1F4-E54FCD405C0D}.Debug|x86.Build.0 = Debug|Any CPU
		{7C5D5B17-A4B4-4BC6-A1F4-E54FCD405C0D}.Release|Any CPU.ActiveCfg = Release|Any CPU
		{7C5D5B17-A4B4-4BC6-A1F4-E54FCD405C0D}.Release|Any CPU.Build.0 = Release|Any CPU
		{7C5D5B17-A4B4-4BC6-A1F4-E54FCD405C0D}.Release|x64.ActiveCfg = Release|Any CPU
		{7C5D5B17-A4B4-4BC6-A1F4-E54FCD405C0D}.Release|x64.Build.0 = Release|Any CPU
		{7C5D5B17-A4B4-4BC6-A1F4-E54FCD405C0D}.Release|x86.ActiveCfg = Release|Any CPU
		{7C5D5B17-A4B4-4BC6-A1F4-E54FCD405C0D}.Release|x86.Build.0 = Release|Any CPU
		{30F0AD45-AF06-4390-823C-CD207F2EDEEE}.Debug|Any CPU.ActiveCfg = Debug|Any CPU
		{30F0AD45-AF06-4390-823C-CD207F2EDEEE}.Debug|Any CPU.Build.0 = Debug|Any CPU
		{30F0AD45-AF06-4390-823C-CD207F2EDEEE}.Debug|x64.ActiveCfg = Debug|Any CPU
		{30F0AD45-AF06-4390-823C-CD207F2EDEEE}.Debug|x64.Build.0 = Debug|Any CPU
		{30F0AD45-AF06-4390-823C-CD207F2EDEEE}.Debug|x86.ActiveCfg = Debug|Any CPU
		{30F0AD45-AF06-4390-823C-CD207F2EDEEE}.Debug|x86.Build.0 = Debug|Any CPU
		{30F0AD45-AF06-4390-823C-CD207F2EDEEE}.Release|Any CPU.ActiveCfg = Release|Any CPU
		{30F0AD45-AF06-4390-823C-CD207F2EDEEE}.Release|Any CPU.Build.0 = Release|Any CPU
		{30F0AD45-AF06-4390-823C-CD207F2EDEEE}.Release|x64.ActiveCfg = Release|Any CPU
		{30F0AD45-AF06-4390-823C-CD207F2EDEEE}.Release|x64.Build.0 = Release|Any CPU
		{30F0AD45-AF06-4390-823C-CD207F2EDEEE}.Release|x86.ActiveCfg = Release|Any CPU
		{30F0AD45-AF06-4390-823C-CD207F2EDEEE}.Release|x86.Build.0 = Release|Any CPU
		{1C7CFFC9-AAD2-4CD1-A787-001F528E4E1C}.Debug|Any CPU.ActiveCfg = Debug|Any CPU
		{1C7CFFC9-AAD2-4CD1-A787-001F528E4E1C}.Debug|Any CPU.Build.0 = Debug|Any CPU
		{1C7CFFC9-AAD2-4CD1-A787-001F528E4E1C}.Debug|x64.ActiveCfg = Debug|Any CPU
		{1C7CFFC9-AAD2-4CD1-A787-001F528E4E1C}.Debug|x64.Build.0 = Debug|Any CPU
		{1C7CFFC9-AAD2-4CD1-A787-001F528E4E1C}.Debug|x86.ActiveCfg = Debug|Any CPU
		{1C7CFFC9-AAD2-4CD1-A787-001F528E4E1C}.Debug|x86.Build.0 = Debug|Any CPU
		{1C7CFFC9-AAD2-4CD1-A787-001F528E4E1C}.Release|Any CPU.ActiveCfg = Release|Any CPU
		{1C7CFFC9-AAD2-4CD1-A787-001F528E4E1C}.Release|Any CPU.Build.0 = Release|Any CPU
		{1C7CFFC9-AAD2-4CD1-A787-001F528E4E1C}.Release|x64.ActiveCfg = Release|Any CPU
		{1C7CFFC9-AAD2-4CD1-A787-001F528E4E1C}.Release|x64.Build.0 = Release|Any CPU
		{1C7CFFC9-AAD2-4CD1-A787-001F528E4E1C}.Release|x86.ActiveCfg = Release|Any CPU
		{1C7CFFC9-AAD2-4CD1-A787-001F528E4E1C}.Release|x86.Build.0 = Release|Any CPU
		{2E9743A7-B0C1-4DE7-B54F-2D46B703029F}.Debug|Any CPU.ActiveCfg = Debug|Any CPU
		{2E9743A7-B0C1-4DE7-B54F-2D46B703029F}.Debug|Any CPU.Build.0 = Debug|Any CPU
		{2E9743A7-B0C1-4DE7-B54F-2D46B703029F}.Debug|x64.ActiveCfg = Debug|Any CPU
		{2E9743A7-B0C1-4DE7-B54F-2D46B703029F}.Debug|x64.Build.0 = Debug|Any CPU
		{2E9743A7-B0C1-4DE7-B54F-2D46B703029F}.Debug|x86.ActiveCfg = Debug|Any CPU
		{2E9743A7-B0C1-4DE7-B54F-2D46B703029F}.Debug|x86.Build.0 = Debug|Any CPU
		{2E9743A7-B0C1-4DE7-B54F-2D46B703029F}.Release|Any CPU.ActiveCfg = Release|Any CPU
		{2E9743A7-B0C1-4DE7-B54F-2D46B703029F}.Release|Any CPU.Build.0 = Release|Any CPU
		{2E9743A7-B0C1-4DE7-B54F-2D46B703029F}.Release|x64.ActiveCfg = Release|Any CPU
		{2E9743A7-B0C1-4DE7-B54F-2D46B703029F}.Release|x64.Build.0 = Release|Any CPU
		{2E9743A7-B0C1-4DE7-B54F-2D46B703029F}.Release|x86.ActiveCfg = Release|Any CPU
		{2E9743A7-B0C1-4DE7-B54F-2D46B703029F}.Release|x86.Build.0 = Release|Any CPU
		{D9926678-E727-4D2F-98BC-6B3D6D40D9BE}.Debug|Any CPU.ActiveCfg = Debug|Any CPU
		{D9926678-E727-4D2F-98BC-6B3D6D40D9BE}.Debug|Any CPU.Build.0 = Debug|Any CPU
		{D9926678-E727-4D2F-98BC-6B3D6D40D9BE}.Debug|x64.ActiveCfg = Debug|Any CPU
		{D9926678-E727-4D2F-98BC-6B3D6D40D9BE}.Debug|x64.Build.0 = Debug|Any CPU
		{D9926678-E727-4D2F-98BC-6B3D6D40D9BE}.Debug|x86.ActiveCfg = Debug|Any CPU
		{D9926678-E727-4D2F-98BC-6B3D6D40D9BE}.Debug|x86.Build.0 = Debug|Any CPU
		{D9926678-E727-4D2F-98BC-6B3D6D40D9BE}.Release|Any CPU.ActiveCfg = Release|Any CPU
		{D9926678-E727-4D2F-98BC-6B3D6D40D9BE}.Release|Any CPU.Build.0 = Release|Any CPU
		{D9926678-E727-4D2F-98BC-6B3D6D40D9BE}.Release|x64.ActiveCfg = Release|Any CPU
		{D9926678-E727-4D2F-98BC-6B3D6D40D9BE}.Release|x64.Build.0 = Release|Any CPU
		{D9926678-E727-4D2F-98BC-6B3D6D40D9BE}.Release|x86.ActiveCfg = Release|Any CPU
		{D9926678-E727-4D2F-98BC-6B3D6D40D9BE}.Release|x86.Build.0 = Release|Any CPU
		{78CCBEFB-3199-42A5-91E9-D57584C100E3}.Debug|Any CPU.ActiveCfg = Debug|Any CPU
		{78CCBEFB-3199-42A5-91E9-D57584C100E3}.Debug|Any CPU.Build.0 = Debug|Any CPU
		{78CCBEFB-3199-42A5-91E9-D57584C100E3}.Debug|x64.ActiveCfg = Debug|Any CPU
		{78CCBEFB-3199-42A5-91E9-D57584C100E3}.Debug|x64.Build.0 = Debug|Any CPU
		{78CCBEFB-3199-42A5-91E9-D57584C100E3}.Debug|x86.ActiveCfg = Debug|Any CPU
		{78CCBEFB-3199-42A5-91E9-D57584C100E3}.Debug|x86.Build.0 = Debug|Any CPU
		{78CCBEFB-3199-42A5-91E9-D57584C100E3}.Release|Any CPU.ActiveCfg = Release|Any CPU
		{78CCBEFB-3199-42A5-91E9-D57584C100E3}.Release|Any CPU.Build.0 = Release|Any CPU
		{78CCBEFB-3199-42A5-91E9-D57584C100E3}.Release|x64.ActiveCfg = Release|Any CPU
		{78CCBEFB-3199-42A5-91E9-D57584C100E3}.Release|x64.Build.0 = Release|Any CPU
		{78CCBEFB-3199-42A5-91E9-D57584C100E3}.Release|x86.ActiveCfg = Release|Any CPU
		{78CCBEFB-3199-42A5-91E9-D57584C100E3}.Release|x86.Build.0 = Release|Any CPU
		{C9A9BB03-FD10-44CA-9E39-3D751D7357ED}.Debug|Any CPU.ActiveCfg = Debug|Any CPU
		{C9A9BB03-FD10-44CA-9E39-3D751D7357ED}.Debug|Any CPU.Build.0 = Debug|Any CPU
		{C9A9BB03-FD10-44CA-9E39-3D751D7357ED}.Debug|x64.ActiveCfg = Debug|Any CPU
		{C9A9BB03-FD10-44CA-9E39-3D751D7357ED}.Debug|x64.Build.0 = Debug|Any CPU
		{C9A9BB03-FD10-44CA-9E39-3D751D7357ED}.Debug|x86.ActiveCfg = Debug|Any CPU
		{C9A9BB03-FD10-44CA-9E39-3D751D7357ED}.Debug|x86.Build.0 = Debug|Any CPU
		{C9A9BB03-FD10-44CA-9E39-3D751D7357ED}.Release|Any CPU.ActiveCfg = Release|Any CPU
		{C9A9BB03-FD10-44CA-9E39-3D751D7357ED}.Release|Any CPU.Build.0 = Release|Any CPU
		{C9A9BB03-FD10-44CA-9E39-3D751D7357ED}.Release|x64.ActiveCfg = Release|Any CPU
		{C9A9BB03-FD10-44CA-9E39-3D751D7357ED}.Release|x64.Build.0 = Release|Any CPU
		{C9A9BB03-FD10-44CA-9E39-3D751D7357ED}.Release|x86.ActiveCfg = Release|Any CPU
		{C9A9BB03-FD10-44CA-9E39-3D751D7357ED}.Release|x86.Build.0 = Release|Any CPU
		{813F26CF-AFC9-4022-B372-88041F7C0FC1}.Debug|Any CPU.ActiveCfg = Debug|Any CPU
		{813F26CF-AFC9-4022-B372-88041F7C0FC1}.Debug|Any CPU.Build.0 = Debug|Any CPU
		{813F26CF-AFC9-4022-B372-88041F7C0FC1}.Debug|x64.ActiveCfg = Debug|Any CPU
		{813F26CF-AFC9-4022-B372-88041F7C0FC1}.Debug|x64.Build.0 = Debug|Any CPU
		{813F26CF-AFC9-4022-B372-88041F7C0FC1}.Debug|x86.ActiveCfg = Debug|Any CPU
		{813F26CF-AFC9-4022-B372-88041F7C0FC1}.Debug|x86.Build.0 = Debug|Any CPU
		{813F26CF-AFC9-4022-B372-88041F7C0FC1}.Release|Any CPU.ActiveCfg = Release|Any CPU
		{813F26CF-AFC9-4022-B372-88041F7C0FC1}.Release|Any CPU.Build.0 = Release|Any CPU
		{813F26CF-AFC9-4022-B372-88041F7C0FC1}.Release|x64.ActiveCfg = Release|Any CPU
		{813F26CF-AFC9-4022-B372-88041F7C0FC1}.Release|x64.Build.0 = Release|Any CPU
		{813F26CF-AFC9-4022-B372-88041F7C0FC1}.Release|x86.ActiveCfg = Release|Any CPU
		{813F26CF-AFC9-4022-B372-88041F7C0FC1}.Release|x86.Build.0 = Release|Any CPU
		{113EFD78-E27B-478D-AEB8-97EFB3D4C34F}.Debug|Any CPU.ActiveCfg = Debug|Any CPU
		{113EFD78-E27B-478D-AEB8-97EFB3D4C34F}.Debug|Any CPU.Build.0 = Debug|Any CPU
		{113EFD78-E27B-478D-AEB8-97EFB3D4C34F}.Debug|x64.ActiveCfg = Debug|Any CPU
		{113EFD78-E27B-478D-AEB8-97EFB3D4C34F}.Debug|x64.Build.0 = Debug|Any CPU
		{113EFD78-E27B-478D-AEB8-97EFB3D4C34F}.Debug|x86.ActiveCfg = Debug|Any CPU
		{113EFD78-E27B-478D-AEB8-97EFB3D4C34F}.Debug|x86.Build.0 = Debug|Any CPU
		{113EFD78-E27B-478D-AEB8-97EFB3D4C34F}.Release|Any CPU.ActiveCfg = Release|Any CPU
		{113EFD78-E27B-478D-AEB8-97EFB3D4C34F}.Release|Any CPU.Build.0 = Release|Any CPU
		{113EFD78-E27B-478D-AEB8-97EFB3D4C34F}.Release|x64.ActiveCfg = Release|Any CPU
		{113EFD78-E27B-478D-AEB8-97EFB3D4C34F}.Release|x64.Build.0 = Release|Any CPU
		{113EFD78-E27B-478D-AEB8-97EFB3D4C34F}.Release|x86.ActiveCfg = Release|Any CPU
		{113EFD78-E27B-478D-AEB8-97EFB3D4C34F}.Release|x86.Build.0 = Release|Any CPU
		{A023A3B1-0831-4C8C-BFA6-1548FE5163DE}.Debug|Any CPU.ActiveCfg = Debug|Any CPU
		{A023A3B1-0831-4C8C-BFA6-1548FE5163DE}.Debug|Any CPU.Build.0 = Debug|Any CPU
		{A023A3B1-0831-4C8C-BFA6-1548FE5163DE}.Debug|x64.ActiveCfg = Debug|Any CPU
		{A023A3B1-0831-4C8C-BFA6-1548FE5163DE}.Debug|x64.Build.0 = Debug|Any CPU
		{A023A3B1-0831-4C8C-BFA6-1548FE5163DE}.Debug|x86.ActiveCfg = Debug|Any CPU
		{A023A3B1-0831-4C8C-BFA6-1548FE5163DE}.Debug|x86.Build.0 = Debug|Any CPU
		{A023A3B1-0831-4C8C-BFA6-1548FE5163DE}.Release|Any CPU.ActiveCfg = Release|Any CPU
		{A023A3B1-0831-4C8C-BFA6-1548FE5163DE}.Release|Any CPU.Build.0 = Release|Any CPU
		{A023A3B1-0831-4C8C-BFA6-1548FE5163DE}.Release|x64.ActiveCfg = Release|Any CPU
		{A023A3B1-0831-4C8C-BFA6-1548FE5163DE}.Release|x64.Build.0 = Release|Any CPU
		{A023A3B1-0831-4C8C-BFA6-1548FE5163DE}.Release|x86.ActiveCfg = Release|Any CPU
		{A023A3B1-0831-4C8C-BFA6-1548FE5163DE}.Release|x86.Build.0 = Release|Any CPU
		{7C0C6A94-FE43-4DDA-9C6E-818A29FF49EF}.Debug|Any CPU.ActiveCfg = Debug|Any CPU
		{7C0C6A94-FE43-4DDA-9C6E-818A29FF49EF}.Debug|Any CPU.Build.0 = Debug|Any CPU
		{7C0C6A94-FE43-4DDA-9C6E-818A29FF49EF}.Debug|x64.ActiveCfg = Debug|Any CPU
		{7C0C6A94-FE43-4DDA-9C6E-818A29FF49EF}.Debug|x64.Build.0 = Debug|Any CPU
		{7C0C6A94-FE43-4DDA-9C6E-818A29FF49EF}.Debug|x86.ActiveCfg = Debug|Any CPU
		{7C0C6A94-FE43-4DDA-9C6E-818A29FF49EF}.Debug|x86.Build.0 = Debug|Any CPU
		{7C0C6A94-FE43-4DDA-9C6E-818A29FF49EF}.Release|Any CPU.ActiveCfg = Release|Any CPU
		{7C0C6A94-FE43-4DDA-9C6E-818A29FF49EF}.Release|Any CPU.Build.0 = Release|Any CPU
		{7C0C6A94-FE43-4DDA-9C6E-818A29FF49EF}.Release|x64.ActiveCfg = Release|Any CPU
		{7C0C6A94-FE43-4DDA-9C6E-818A29FF49EF}.Release|x64.Build.0 = Release|Any CPU
		{7C0C6A94-FE43-4DDA-9C6E-818A29FF49EF}.Release|x86.ActiveCfg = Release|Any CPU
		{7C0C6A94-FE43-4DDA-9C6E-818A29FF49EF}.Release|x86.Build.0 = Release|Any CPU
	EndGlobalSection
	GlobalSection(SolutionProperties) = preSolution
		HideSolutionNode = FALSE
	EndGlobalSection
EndGlobal
